// !$*UTF8*$!
{
	archiveVersion = 1;
	classes = {
	};
	objectVersion = 77;
	objects = {

/* Begin PBXBuildFile section */
		D6C4F25C2F80BDD300F0D5E3 /* Config.xcconfig in Resources */ = {isa = PBXBuildFile; fileRef = D6C4F25B2F80BDD300F0D5E3 /* Config.xcconfig */; };
/* End PBXBuildFile section */

/* Begin PBXContainerItemProxy section */
		D6C4F2352F80915B00F0D5E3 /* PBXContainerItemProxy */ = {
			isa = PBXContainerItemProxy;
			containerPortal = D6C4F21D2F80915800F0D5E3 /* Project object */;
			proxyType = 1;
			remoteGlobalIDString = D6C4F2242F80915900F0D5E3;
			remoteInfo = Rootine;
		};
		D6C4F23F2F80915B00F0D5E3 /* PBXContainerItemProxy */ = {
			isa = PBXContainerItemProxy;
			containerPortal = D6C4F21D2F80915800F0D5E3 /* Project object */;
			proxyType = 1;
			remoteGlobalIDString = D6C4F2242F80915900F0D5E3;
			remoteInfo = Rootine;
		};
/* End PBXContainerItemProxy section */

/* Begin PBXFileReference section */
		D6C4F2252F80915900F0D5E3 /* Rootine.app */ = {isa = PBXFileReference; explicitFileType = wrapper.application; includeInIndex = 0; path = Rootine.app; sourceTree = BUILT_PRODUCTS_DIR; };
		D6C4F2342F80915B00F0D5E3 /* RootineTests.xctest */ = {isa = PBXFileReference; explicitFileType = wrapper.cfbundle; includeInIndex = 0; path = RootineTests.xctest; sourceTree = BUILT_PRODUCTS_DIR; };
		D6C4F23E2F80915B00F0D5E3 /* RootineUITests.xctest */ = {isa = PBXFileReference; explicitFileType = wrapper.cfbundle; includeInIndex = 0; path = RootineUITests.xctest; sourceTree = BUILT_PRODUCTS_DIR; };
		D6C4F25B2F80BDD300F0D5E3 /* Config.xcconfig */ = {isa = PBXFileReference; lastKnownFileType = text.xcconfig; path = Config.xcconfig; sourceTree = "<group>"; };
/* End PBXFileReference section */

/* Begin PBXFileSystemSynchronizedRootGroup section */
		D6C4F2272F80915900F0D5E3 /* Rootine */ = {
			isa = PBXFileSystemSynchronizedRootGroup;
			path = Rootine;
			sourceTree = "<group>";
		};
		D6C4F2372F80915B00F0D5E3 /* RootineTests */ = {
			isa = PBXFileSystemSynchronizedRootGroup;
			path = RootineTests;
			sourceTree = "<group>";
		};
		D6C4F2412F80915B00F0D5E3 /* RootineUITests */ = {
			isa = PBXFileSystemSynchronizedRootGroup;
			path = RootineUITests;
			sourceTree = "<group>";
		};
/* End PBXFileSystemSynchronizedRootGroup section */

/* Begin PBXFrameworksBuildPhase section */
		D6C4F2222F80915900F0D5E3 /* Frameworks */ = {
			isa = PBXFrameworksBuildPhase;
			buildActionMask = 2147483647;
			files = (
			);
			runOnlyForDeploymentPostprocessing = 0;
		};
		D6C4F2312F80915B00F0D5E3 /* Frameworks */ = {
			isa = PBXFrameworksBuildPhase;
			buildActionMask = 2147483647;
			files = (
			);
			runOnlyForDeploymentPostprocessing = 0;
		};
		D6C4F23B2F80915B00F0D5E3 /* Frameworks */ = {
			isa = PBXFrameworksBuildPhase;
			buildActionMask = 2147483647;
			files = (
			);
			runOnlyForDeploymentPostprocessing = 0;
		};
/* End PBXFrameworksBuildPhase section */

/* Begin PBXGroup section */
		D6C4F21C2F80915800F0D5E3 = {
			isa = PBXGroup;
			children = (
				D6C4F25B2F80BDD300F0D5E3 /* Config.xcconfig */,
				D6C4F2272F80915900F0D5E3 /* Rootine */,
				D6C4F2372F80915B00F0D5E3 /* RootineTests */,
				D6C4F2412F80915B00F0D5E3 /* RootineUITests */,
				D6C4F2262F80915900F0D5E3 /* Products */,
			);
			sourceTree = "<group>";
		};
		D6C4F2262F80915900F0D5E3 /* Products */ = {
			isa = PBXGroup;
			children = (
				D6C4F2252F80915900F0D5E3 /* Rootine.app */,
				D6C4F2342F80915B00F0D5E3 /* RootineTests.xctest */,
				D6C4F23E2F80915B00F0D5E3 /* RootineUITests.xctest */,
			);
			name = Products;
			sourceTree = "<group>";
		};
/* End PBXGroup section */

/* Begin PBXNativeTarget section */
		D6C4F2242F80915900F0D5E3 /* Rootine */ = {
			isa = PBXNativeTarget;
			buildConfigurationList = D6C4F2482F80915B00F0D5E3 /* Build configuration list for PBXNativeTarget "Rootine" */;
			buildPhases = (
				D6C4F2212F80915900F0D5E3 /* Sources */,
				D6C4F2222F80915900F0D5E3 /* Frameworks */,
				D6C4F2232F80915900F0D5E3 /* Resources */,
			);
			buildRules = (
			);
			dependencies = (
			);
			fileSystemSynchronizedGroups = (
				D6C4F2272F80915900F0D5E3 /* Rootine */,
			);
			name = Rootine;
			packageProductDependencies = (
			);
			productName = Rootine;
			productReference = D6C4F2252F80915900F0D5E3 /* Rootine.app */;
			productType = "com.apple.product-type.application";
		};
		D6C4F2332F80915B00F0D5E3 /* RootineTests */ = {
			isa = PBXNativeTarget;
			buildConfigurationList = D6C4F24B2F80915B00F0D5E3 /* Build configuration list for PBXNativeTarget "RootineTests" */;
			buildPhases = (
				D6C4F2302F80915B00F0D5E3 /* Sources */,
				D6C4F2312F80915B00F0D5E3 /* Frameworks */,
				D6C4F2322F80915B00F0D5E3 /* Resources */,
			);
			buildRules = (
			);
			dependencies = (
				D6C4F2362F80915B00F0D5E3 /* PBXTargetDependency */,
			);
			fileSystemSynchronizedGroups = (
				D6C4F2372F80915B00F0D5E3 /* RootineTests */,
			);
			name = RootineTests;
			packageProductDependencies = (
			);
			productName = RootineTests;
			productReference = D6C4F2342F80915B00F0D5E3 /* RootineTests.xctest */;
			productType = "com.apple.product-type.bundle.unit-test";
		};
		D6C4F23D2F80915B00F0D5E3 /* RootineUITests */ = {
			isa = PBXNativeTarget;
			buildConfigurationList = D6C4F24E2F80915B00F0D5E3 /* Build configuration list for PBXNativeTarget "RootineUITests" */;
			buildPhases = (
				D6C4F23A2F80915B00F0D5E3 /* Sources */,
				D6C4F23B2F80915B00F0D5E3 /* Frameworks */,
				D6C4F23C2F80915B00F0D5E3 /* Resources */,
			);
			buildRules = (
			);
			dependencies = (
				D6C4F2402F80915B00F0D5E3 /* PBXTargetDependency */,
			);
			fileSystemSynchronizedGroups = (
				D6C4F2412F80915B00F0D5E3 /* RootineUITests */,
			);
			name = RootineUITests;
			packageProductDependencies = (
			);
			productName = RootineUITests;
			productReference = D6C4F23E2F80915B00F0D5E3 /* RootineUITests.xctest */;
			productType = "com.apple.product-type.bundle.ui-testing";
		};
/* End PBXNativeTarget section */

/* Begin PBXProject section */
		D6C4F21D2F80915800F0D5E3 /* Project object */ = {
			isa = PBXProject;
			attributes = {
				BuildIndependentTargetsInParallel = 1;
				LastSwiftUpdateCheck = 1640;
				LastUpgradeCheck = 1640;
				TargetAttributes = {
					D6C4F2242F80915900F0D5E3 = {
						CreatedOnToolsVersion = 16.4;
					};
					D6C4F2332F80915B00F0D5E3 = {
						CreatedOnToolsVersion = 16.4;
						TestTargetID = D6C4F2242F80915900F0D5E3;
					};
					D6C4F23D2F80915B00F0D5E3 = {
						CreatedOnToolsVersion = 16.4;
						TestTargetID = D6C4F2242F80915900F0D5E3;
					};
				};
			};
			buildConfigurationList = D6C4F2202F80915900F0D5E3 /* Build configuration list for PBXProject "Rootine" */;
			developmentRegion = en;
			hasScannedForEncodings = 0;
			knownRegions = (
				en,
				Base,
			);
			mainGroup = D6C4F21C2F80915800F0D5E3;
			minimizedProjectReferenceProxies = 1;
			preferredProjectObjectVersion = 77;
			productRefGroup = D6C4F2262F80915900F0D5E3 /* Products */;
			projectDirPath = "";
			projectRoot = "";
			targets = (
				D6C4F2242F80915900F0D5E3 /* Rootine */,
				D6C4F2332F80915B00F0D5E3 /* RootineTests */,
				D6C4F23D2F80915B00F0D5E3 /* RootineUITests */,
			);
		};
/* End PBXProject section */

/* Begin PBXResourcesBuildPhase section */
		D6C4F2232F80915900F0D5E3 /* Resources */ = {
			isa = PBXResourcesBuildPhase;
			buildActionMask = 2147483647;
			files = (
				D6C4F25C2F80BDD300F0D5E3 /* Config.xcconfig in Resources */,
			);
			runOnlyForDeploymentPostprocessing = 0;
		};
		D6C4F2322F80915B00F0D5E3 /* Resources */ = {
			isa = PBXResourcesBuildPhase;
			buildActionMask = 2147483647;
			files = (
			);
			runOnlyForDeploymentPostprocessing = 0;
		};
		D6C4F23C2F80915B00F0D5E3 /* Resources */ = {
			isa = PBXResourcesBuildPhase;
			buildActionMask = 2147483647;
			files = (
			);
			runOnlyForDeploymentPostprocessing = 0;
		};
/* End PBXResourcesBuildPhase section */

/* Begin PBXSourcesBuildPhase section */
		D6C4F2212F80915900F0D5E3 /* Sources */ = {
			isa = PBXSourcesBuildPhase;
			buildActionMask = 2147483647;
			files = (
			);
			runOnlyForDeploymentPostprocessing = 0;
		};
		D6C4F2302F80915B00F0D5E3 /* Sources */ = {
			isa = PBXSourcesBuildPhase;
			buildActionMask = 2147483647;
			files = (
			);
			runOnlyForDeploymentPostprocessing = 0;
		};
		D6C4F23A2F80915B00F0D5E3 /* Sources */ = {
			isa = PBXSourcesBuildPhase;
			buildActionMask = 2147483647;
			files = (
			);
			runOnlyForDeploymentPostprocessing = 0;
		};
/* End PBXSourcesBuildPhase section */

/* Begin PBXTargetDependency section */
		D6C4F2362F80915B00F0D5E3 /* PBXTargetDependency */ = {
			isa = PBXTargetDependency;
			target = D6C4F2242F80915900F0D5E3 /* Rootine */;
			targetProxy = D6C4F2352F80915B00F0D5E3 /* PBXContainerItemProxy */;
		};
		D6C4F2402F80915B00F0D5E3 /* PBXTargetDependency */ = {
			isa = PBXTargetDependency;
			target = D6C4F2242F80915900F0D5E3 /* Rootine */;
			targetProxy = D6C4F23F2F80915B00F0D5E3 /* PBXContainerItemProxy */;
		};
/* End PBXTargetDependency section */

/* Begin XCBuildConfiguration section */
		D6C4F2462F80915B00F0D5E3 /* Debug */ = {
			isa = XCBuildConfiguration;
			baseConfigurationReference = D6C4F25B2F80BDD300F0D5E3 /* Config.xcconfig */;
			buildSettings = {
				ALWAYS_SEARCH_USER_PATHS = NO;
				ASSETCATALOG_COMPILER_GENERATE_SWIFT_ASSET_SYMBOL_EXTENSIONS = YES;
				CLANG_ANALYZER_NONNULL = YES;
				CLANG_ANALYZER_NUMBER_OBJECT_CONVERSION = YES_AGGRESSIVE;
				CLANG_CXX_LANGUAGE_STANDARD = "gnu++20";
				CLANG_ENABLE_MODULES = YES;
				CLANG_ENABLE_OBJC_ARC = YES;
				CLANG_ENABLE_OBJC_WEAK = YES;
				CLANG_WARN_BLOCK_CAPTURE_AUTORELEASING = YES;
				CLANG_WARN_BOOL_CONVERSION = YES;
				CLANG_WARN_COMMA = YES;
				CLANG_WARN_CONSTANT_CONVERSION = YES;
				CLANG_WARN_DEPRECATED_OBJC_IMPLEMENTATIONS = YES;
				CLANG_WARN_DIRECT_OBJC_ISA_USAGE = YES_ERROR;
				CLANG_WARN_DOCUMENTATION_COMMENTS = YES;
				CLANG_WARN_EMPTY_BODY = YES;
				CLANG_WARN_ENUM_CONVERSION = YES;
				CLANG_WARN_INFINITE_RECURSION = YES;
				CLANG_WARN_INT_CONVERSION = YES;
				CLANG_WARN_NON_LITERAL_NULL_CONVERSION = YES;
				CLANG_WARN_OBJC_IMPLICIT_RETAIN_SELF = YES;
				CLANG_WARN_OBJC_LITERAL_CONVERSION = YES;
				CLANG_WARN_OBJC_ROOT_CLASS = YES_ERROR;
				CLANG_WARN_QUOTED_INCLUDE_IN_FRAMEWORK_HEADER = YES;
				CLANG_WARN_RANGE_LOOP_ANALYSIS = YES;
				CLANG_WARN_STRICT_PROTOTYPES = YES;
				CLANG_WARN_SUSPICIOUS_MOVE = YES;
				CLANG_WARN_UNGUARDED_AVAILABILITY = YES_AGGRESSIVE;
				CLANG_WARN_UNREACHABLE_CODE = YES;
				CLANG_WARN__DUPLICATE_METHOD_MATCH = YES;
				COPY_PHASE_STRIP = NO;
				DEBUG_INFORMATION_FORMAT = dwarf;
				DEVELOPMENT_TEAM = 87P6H6SBTL;
				ENABLE_STRICT_OBJC_MSGSEND = YES;
				ENABLE_TESTABILITY = YES;
				ENABLE_USER_SCRIPT_SANDBOXING = YES;
				GCC_C_LANGUAGE_STANDARD = gnu17;
				GCC_DYNAMIC_NO_PIC = NO;
				GCC_NO_COMMON_BLOCKS = YES;
				GCC_OPTIMIZATION_LEVEL = 0;
				GCC_PREPROCESSOR_DEFINITIONS = (
					"DEBUG=1",
					"$(inherited)",
				);
				GCC_WARN_64_TO_32_BIT_CONVERSION = YES;
				GCC_WARN_ABOUT_RETURN_TYPE = YES_ERROR;
				GCC_WARN_UNDECLARED_SELECTOR = YES;
				GCC_WARN_UNINITIALIZED_AUTOS = YES_AGGRESSIVE;
				GCC_WARN_UNUSED_FUNCTION = YES;
				GCC_WARN_UNUSED_VARIABLE = YES;
				IPHONEOS_DEPLOYMENT_TARGET = 18.5;
				LOCALIZATION_PREFERS_STRING_CATALOGS = YES;
				MTL_ENABLE_DEBUG_INFO = INCLUDE_SOURCE;
				MTL_FAST_MATH = YES;
				ONLY_ACTIVE_ARCH = YES;
				SDKROOT = iphoneos;
				SWIFT_ACTIVE_COMPILATION_CONDITIONS = "DEBUG $(inherited)";
				SWIFT_OPTIMIZATION_LEVEL = "-Onone";
			};
			name = Debug;
		};
		D6C4F2472F80915B00F0D5E3 /* Release */ = {
			isa = XCBuildConfiguration;
			baseConfigurationReference = D6C4F25B2F80BDD300F0D5E3 /* Config.xcconfig */;
			buildSettings = {
				ALWAYS_SEARCH_USER_PATHS = NO;
				ASSETCATALOG_COMPILER_GENERATE_SWIFT_ASSET_SYMBOL_EXTENSIONS = YES;
				CLANG_ANALYZER_NONNULL = YES;
				CLANG_ANALYZER_NUMBER_OBJECT_CONVERSION = YES_AGGRESSIVE;
				CLANG_CXX_LANGUAGE_STANDARD = "gnu++20";
				CLANG_ENABLE_MODULES = YES;
				CLANG_ENABLE_OBJC_ARC = YES;
				CLANG_ENABLE_OBJC_WEAK = YES;
				CLANG_WARN_BLOCK_CAPTURE_AUTORELEASING = YES;
				CLANG_WARN_BOOL_CONVERSION = YES;
				CLANG_WARN_COMMA = YES;
				CLANG_WARN_CONSTANT_CONVERSION = YES;
				CLANG_WARN_DEPRECATED_OBJC_IMPLEMENTATIONS = YES;
				CLANG_WARN_DIRECT_OBJC_ISA_USAGE = YES_ERROR;
				CLANG_WARN_DOCUMENTATION_COMMENTS = YES;
				CLANG_WARN_EMPTY_BODY = YES;
				CLANG_WARN_ENUM_CONVERSION = YES;
				CLANG_WARN_INFINITE_RECURSION = YES;
				CLANG_WARN_INT_CONVERSION = YES;
				CLANG_WARN_NON_LITERAL_NULL_CONVERSION = YES;
				CLANG_WARN_OBJC_IMPLICIT_RETAIN_SELF = YES;
				CLANG_WARN_OBJC_LITERAL_CONVERSION = YES;
				CLANG_WARN_OBJC_ROOT_CLASS = YES_ERROR;
				CLANG_WARN_QUOTED_INCLUDE_IN_FRAMEWORK_HEADER = YES;
				CLANG_WARN_RANGE_LOOP_ANALYSIS = YES;
				CLANG_WARN_STRICT_PROTOTYPES = YES;
				CLANG_WARN_SUSPICIOUS_MOVE = YES;
				CLANG_WARN_UNGUARDED_AVAILABILITY = YES_AGGRESSIVE;
				CLANG_WARN_UNREACHABLE_CODE = YES;
				CLANG_WARN__DUPLICATE_METHOD_MATCH = YES;
				COPY_PHASE_STRIP = NO;
				DEBUG_INFORMATION_FORMAT = "dwarf-with-dsym";
				DEVELOPMENT_TEAM = 87P6H6SBTL;
				ENABLE_NS_ASSERTIONS = NO;
				ENABLE_STRICT_OBJC_MSGSEND = YES;
				ENABLE_USER_SCRIPT_SANDBOXING = YES;
				GCC_C_LANGUAGE_STANDARD = gnu17;
				GCC_NO_COMMON_BLOCKS = YES;
				GCC_WARN_64_TO_32_BIT_CONVERSION = YES;
				GCC_WARN_ABOUT_RETURN_TYPE = YES_ERROR;
				GCC_WARN_UNDECLARED_SELECTOR = YES;
				GCC_WARN_UNINITIALIZED_AUTOS = YES_AGGRESSIVE;
				GCC_WARN_UNUSED_FUNCTION = YES;
				GCC_WARN_UNUSED_VARIABLE = YES;
				IPHONEOS_DEPLOYMENT_TARGET = 18.5;
				LOCALIZATION_PREFERS_STRING_CATALOGS = YES;
				MTL_ENABLE_DEBUG_INFO = NO;
				MTL_FAST_MATH = YES;
				SDKROOT = iphoneos;
				SWIFT_COMPILATION_MODE = wholemodule;
				VALIDATE_PRODUCT = YES;
			};
			name = Release;
		};
		D6C4F2492F80915B00F0D5E3 /* Debug */ = {
			isa = XCBuildConfiguration;
			buildSettings = {
				ASSETCATALOG_COMPILER_APPICON_NAME = AppIcon;
				ASSETCATALOG_COMPILER_GLOBAL_ACCENT_COLOR_NAME = AccentColor;
				CODE_SIGN_STYLE = Automatic;
				CURRENT_PROJECT_VERSION = 1;
				DEVELOPMENT_TEAM = 87P6H6SBTL;
				ENABLE_PREVIEWS = YES;
				GENERATE_INFOPLIST_FILE = YES;
				INFOPLIST_KEY_LSApplicationCategoryType = "";
				INFOPLIST_KEY_UIApplicationSceneManifest_Generation = YES;
				INFOPLIST_KEY_UIApplicationSupportsIndirectInputEvents = YES;
				INFOPLIST_KEY_UILaunchScreen_Generation = YES;
				INFOPLIST_KEY_UISupportedInterfaceOrientations_iPad = "UIInterfaceOrientationPortrait UIInterfaceOrientationPortraitUpsideDown UIInterfaceOrientationLandscapeLeft UIInterfaceOrientationLandscapeRight";
				INFOPLIST_KEY_UISupportedInterfaceOrientations_iPhone = "UIInterfaceOrientationPortrait UIInterfaceOrientationLandscapeLeft UIInterfaceOrientationLandscapeRight";
				LD_RUNPATH_SEARCH_PATHS = (
					"$(inherited)",
					"@executable_path/Frameworks",
				);
				MARKETING_VERSION = 1.0;
				PRODUCT_BUNDLE_IDENTIFIER = com.JacksonSanders.Rootine.Rootine;
				PRODUCT_NAME = "$(TARGET_NAME)";
				SWIFT_EMIT_LOC_STRINGS = YES;
				SWIFT_VERSION = 5.0;
				TARGETED_DEVICE_FAMILY = "1,2";
			};
			name = Debug;
		};
		D6C4F24A2F80915B00F0D5E3 /* Release */ = {
			isa = XCBuildConfiguration;
			buildSettings = {
				ASSETCATALOG_COMPILER_APPICON_NAME = AppIcon;
				ASSETCATALOG_COMPILER_GLOBAL_ACCENT_COLOR_NAME = AccentColor;
				CODE_SIGN_STYLE = Automatic;
				CURRENT_PROJECT_VERSION = 1;
				DEVELOPMENT_TEAM = 87P6H6SBTL;
				ENABLE_PREVIEWS = YES;
				GENERATE_INFOPLIST_FILE = YES;
				INFOPLIST_KEY_LSApplicationCategoryType = "";
				INFOPLIST_KEY_UIApplicationSceneManifest_Generation = YES;
				INFOPLIST_KEY_UIApplicationSupportsIndirectInputEvents = YES;
				INFOPLIST_KEY_UILaunchScreen_Generation = YES;
				INFOPLIST_KEY_UISupportedInterfaceOrientations_iPad = "UIInterfaceOrientationPortrait UIInterfaceOrientationPortraitUpsideDown UIInterfaceOrientationLandscapeLeft UIInterfaceOrientationLandscapeRight";
				INFOPLIST_KEY_UISupportedInterfaceOrientations_iPhone = "UIInterfaceOrientationPortrait UIInterfaceOrientationLandscapeLeft UIInterfaceOrientationLandscapeRight";
				LD_RUNPATH_SEARCH_PATHS = (
					"$(inherited)",
					"@executable_path/Frameworks",
				);
				MARKETING_VERSION = 1.0;
				PRODUCT_BUNDLE_IDENTIFIER = com.JacksonSanders.Rootine.Rootine;
				PRODUCT_NAME = "$(TARGET_NAME)";
				SWIFT_EMIT_LOC_STRINGS = YES;
				SWIFT_VERSION = 5.0;
				TARGETED_DEVICE_FAMILY = "1,2";
			};
			name = Release;
		};
		D6C4F24C2F80915B00F0D5E3 /* Debug */ = {
			isa = XCBuildConfiguration;
			buildSettings = {
				BUNDLE_LOADER = "$(TEST_HOST)";
				CODE_SIGN_STYLE = Automatic;
				CURRENT_PROJECT_VERSION = 1;
				DEVELOPMENT_TEAM = 87P6H6SBTL;
				GENERATE_INFOPLIST_FILE = YES;
				IPHONEOS_DEPLOYMENT_TARGET = 18.5;
				MARKETING_VERSION = 1.0;
				PRODUCT_BUNDLE_IDENTIFIER = com.JacksonSanders.Rootine.RootineTests;
				PRODUCT_NAME = "$(TARGET_NAME)";
				SWIFT_EMIT_LOC_STRINGS = NO;
				SWIFT_VERSION = 5.0;
				TARGETED_DEVICE_FAMILY = "1,2";
				TEST_HOST = "$(BUILT_PRODUCTS_DIR)/Rootine.app/$(BUNDLE_EXECUTABLE_FOLDER_PATH)/Rootine";
			};
			name = Debug;
		};
		D6C4F24D2F80915B00F0D5E3 /* Release */ = {
			isa = XCBuildConfiguration;
			buildSettings = {
				BUNDLE_LOADER = "$(TEST_HOST)";
				CODE_SIGN_STYLE = Automatic;
				CURRENT_PROJECT_VERSION = 1;
				DEVELOPMENT_TEAM = 87P6H6SBTL;
				GENERATE_INFOPLIST_FILE = YES;
				IPHONEOS_DEPLOYMENT_TARGET = 18.5;
				MARKETING_VERSION = 1.0;
				PRODUCT_BUNDLE_IDENTIFIER = com.JacksonSanders.Rootine.RootineTests;
				PRODUCT_NAME = "$(TARGET_NAME)";
				SWIFT_EMIT_LOC_STRINGS = NO;
				SWIFT_VERSION = 5.0;
				TARGETED_DEVICE_FAMILY = "1,2";
				TEST_HOST = "$(BUILT_PRODUCTS_DIR)/Rootine.app/$(BUNDLE_EXECUTABLE_FOLDER_PATH)/Rootine";
			};
			name = Release;
		};
		D6C4F24F2F80915B00F0D5E3 /* Debug */ = {
			isa = XCBuildConfiguration;
			buildSettings = {
				CODE_SIGN_STYLE = Automatic;
				CURRENT_PROJECT_VERSION = 1;
				DEVELOPMENT_TEAM = 87P6H6SBTL;
				GENERATE_INFOPLIST_FILE = YES;
				MARKETING_VERSION = 1.0;
				PRODUCT_BUNDLE_IDENTIFIER = com.JacksonSanders.Rootine.RootineUITests;
				PRODUCT_NAME = "$(TARGET_NAME)";
				SWIFT_EMIT_LOC_STRINGS = NO;
				SWIFT_VERSION = 5.0;
				TARGETED_DEVICE_FAMILY = "1,2";
				TEST_TARGET_NAME = Rootine;
			};
			name = Debug;
		};
		D6C4F2502F80915B00F0D5E3 /* Release */ = {
			isa = XCBuildConfiguration;
			buildSettings = {
				CODE_SIGN_STYLE = Automatic;
				CURRENT_PROJECT_VERSION = 1;
				DEVELOPMENT_TEAM = 87P6H6SBTL;
				GENERATE_INFOPLIST_FILE = YES;
				MARKETING_VERSION = 1.0;
				PRODUCT_BUNDLE_IDENTIFIER = com.JacksonSanders.Rootine.RootineUITests;
				PRODUCT_NAME = "$(TARGET_NAME)";
				SWIFT_EMIT_LOC_STRINGS = NO;
				SWIFT_VERSION = 5.0;
				TARGETED_DEVICE_FAMILY = "1,2";
				TEST_TARGET_NAME = Rootine;
			};
			name = Release;
		};
/* End XCBuildConfiguration section */

/* Begin XCConfigurationList section */
		D6C4F2202F80915900F0D5E3 /* Build configuration list for PBXProject "Rootine" */ = {
			isa = XCConfigurationList;
			buildConfigurations = (
				D6C4F2462F80915B00F0D5E3 /* Debug */,
				D6C4F2472F80915B00F0D5E3 /* Release */,
			);
			defaultConfigurationIsVisible = 0;
			defaultConfigurationName = Release;
		};
		D6C4F2482F80915B00F0D5E3 /* Build configuration list for PBXNativeTarget "Rootine" */ = {
			isa = XCConfigurationList;
			buildConfigurations = (
				D6C4F2492F80915B00F0D5E3 /* Debug */,
				D6C4F24A2F80915B00F0D5E3 /* Release */,
			);
			defaultConfigurationIsVisible = 0;
			defaultConfigurationName = Release;
		};
		D6C4F24B2F80915B00F0D5E3 /* Build configuration list for PBXNativeTarget "RootineTests" */ = {
			isa = XCConfigurationList;
			buildConfigurations = (
				D6C4F24C2F80915B00F0D5E3 /* Debug */,
				D6C4F24D2F80915B00F0D5E3 /* Release */,
			);
			defaultConfigurationIsVisible = 0;
			defaultConfigurationName = Release;
		};
		D6C4F24E2F80915B00F0D5E3 /* Build configuration list for PBXNativeTarget "RootineUITests" */ = {
			isa = XCConfigurationList;
			buildConfigurations = (
				D6C4F24F2F80915B00F0D5E3 /* Debug */,
				D6C4F2502F80915B00F0D5E3 /* Release */,
			);
			defaultConfigurationIsVisible = 0;
			defaultConfigurationName = Release;
		};
/* End XCConfigurationList section */
	};
	rootObject = D6C4F21D2F80915800F0D5E3 /* Project object */;
}
